
Microsoft Visual Studio Solution File, Format Version 12.00
# Visual Studio Version 16
VisualStudioVersion = 16.0.31911.196
MinimumVisualStudioVersion = 10.0.40219.1
Project("{FAE04EC0-301F-11D3-BF4B-00C04F79EFBC}") = "EncryptStrings", "EncryptStrings.csproj", "{428538F7-0175-4E7B-A6FC-8B8FF734EF8C}"
EndProject
Project("{FAE04EC0-301F-11D3-BF4B-00C04F79EFBC}") = "ConsoleEncryptStrings", "..\ConsoleEncryptStrings\ConsoleEncryptStrings.csproj", "{C9C7D6D4-6949-4CA7-B14C-341E515EF543}"
EndProject
Global
	GlobalSection(SolutionConfigurationPlatforms) = preSolution
		Debug|Any CPU = Debug|Any CPU
		Release|Any CPU = Release|Any CPU
	EndGlobalSection
	GlobalSection(ProjectConfigurationPlatforms) = postSolution
		{428538F7-0175-4E7B-A6FC-8B8FF734EF8C}.Debug|Any CPU.ActiveCfg = Debug|Any CPU
		{428538F7-0175-4E7B-A6FC-8B8FF734EF8C}.Debug|Any CPU.Build.0 = Debug|Any CPU
		{428538F7-0175-4E7B-A6FC-8B8FF734EF8C}.Release|Any CPU.ActiveCfg = Release|Any CPU
		{428538F7-0175-4E7B-A6FC-8B8FF734EF8C}.Release|Any CPU.Build.0 = Release|Any CPU
		{C9C7D6D4-6949-4CA7-B14C-341E515EF543}.Debug|Any CPU.ActiveCfg = Debug|Any CPU
		{C9C7D6D4-6949-4CA7-B14C-341E515EF543}.Debug|Any CPU.Build.0 = Debug|Any CPU
		{C9C7D6D4-6949-4CA7-B14C-341E515EF543}.Release|Any CPU.ActiveCfg = Release|Any CPU
		{C9C7D6D4-6949-4CA7-B14C-341E515EF543}.Release|Any CPU.Build.0 = Release|Any CPU
	EndGlobalSection
	GlobalSection(SolutionProperties) = preSolution
		HideSolutionNode = FALSE
	EndGlobalSection
	GlobalSection(ExtensibilityGlobals) = postSolution
		SolutionGuid = {1BADBBF6-C134-4403-A109-FE49B2591B21}
	EndGlobalSection
EndGlobal
